<?xml version="1.0" encoding="UTF-8"?>
<CONFIG>
  <ProjectOptions>
    <Version Value="11"/>
    <General>
      <SessionStorage Value="InProjectDir"/>
      <MainUnit Value="0"/>
      <Scaled Value="True"/>
      <ResourceType Value="res"/>
      <UseXPManifest Value="True"/>
      <XPManifest>
        <DpiAware Value="True"/>
      </XPManifest>
      <Icon Value="0"/>
    </General>
    <i18n>
      <EnableI18N Value="True"/>
      <OutDir Value="locale"/>
      <ExcludedIdentifiers Count="307">
        <Item1 Value="tformabout.lversion.caption"/>
        <Item2 Value="tformabout.lweb.caption"/>
        <Item3 Value="tformabout.lislomuz.caption"/>
        <Item4 Value="tformabout.lislomuzweb.caption"/>
        <Item5 Value="tformabout.lazankz.caption"/>
        <Item6 Value="tformabout.lazankzweb.caption"/>
        <Item7 Value="tformabout.llazarus.caption"/>
        <Item8 Value="tformabout.llazarusweb.caption"/>
        <Item9 Value="tformabout.lbass.caption"/>
        <Item10 Value="tformabout.lbassweb.caption"/>
        <Item11 Value="tformabout.lmint.caption"/>
        <Item12 Value="tformabout.lmintweb.caption"/>
        <Item13 Value="tformdetails.lalaar.caption"/>
        <Item14 Value="tformdetails.lalhamdulillahar.caption"/>
        <Item15 Value="tformdetails.lallohuakbarar.caption"/>
        <Item16 Value="tformdetails.laziymar.caption"/>
        <Item17 Value="tformdetails.lazonar.caption"/>
        <Item18 Value="tformdetails.lazonbomdodar.caption"/>
        <Item19 Value="tformdetails.lazonduoar.caption"/>
        <Item20 Value="tformdetails.lbasmalaar.caption"/>
        <Item21 Value="tformdetails.lduoar.caption"/>
        <Item22 Value="tformdetails.lduofar.caption"/>
        <Item23 Value="tformdetails.lfalaqar.caption"/>
        <Item24 Value="tformdetails.lfotihaar.caption"/>
        <Item25 Value="tformdetails.lhamdar.caption"/>
        <Item26 Value="tformdetails.liqomatar.caption"/>
        <Item27 Value="tformdetails.lixlosar.caption"/>
        <Item28 Value="tformdetails.lkavsarar.caption"/>
        <Item29 Value="tformdetails.lkursiar.caption"/>
        <Item30 Value="tformdetails.lnasar.caption"/>
        <Item31 Value="tformdetails.lqunutar.caption"/>
        <Item32 Value="tformdetails.lrobbanaar.caption"/>
        <Item33 Value="tformdetails.lsalavotar.caption"/>
        <Item34 Value="tformdetails.lsalomar.caption"/>
        <Item35 Value="tformdetails.lsanoar.caption"/>
        <Item36 Value="tformdetails.lsubhanallohar.caption"/>
        <Item37 Value="tformdetails.ltaavvuzar.caption"/>
        <Item38 Value="tformdetails.ltakbirar.caption"/>
        <Item39 Value="tformdetails.ltashahhudar.caption"/>
        <Item40 Value="tformdetails.ltasmear.caption"/>
        <Item41 Value="tformdetails.ltavhidar.caption"/>
        <Item42 Value="tformdetails.tsala.caption"/>
        <Item43 Value="tformdetails.tsaziym.caption"/>
        <Item44 Value="tformdetails.tsazon.caption"/>
        <Item45 Value="tformdetails.tsazonbomdod.caption"/>
        <Item46 Value="tformdetails.tsazonduo.caption"/>
        <Item47 Value="tformdetails.tsbasmala.caption"/>
        <Item48 Value="tformdetails.tsduo.caption"/>
        <Item49 Value="tformdetails.tsduof.caption"/>
        <Item50 Value="tformdetails.tsfalaq.caption"/>
        <Item51 Value="tformdetails.tsfotiha.caption"/>
        <Item52 Value="tformdetails.tshamd.caption"/>
        <Item53 Value="tformdetails.tsiqomat.caption"/>
        <Item54 Value="tformdetails.tsixlos.caption"/>
        <Item55 Value="tformdetails.tskavsar.caption"/>
        <Item56 Value="tformdetails.tskursi.caption"/>
        <Item57 Value="tformdetails.tsnas.caption"/>
        <Item58 Value="tformdetails.tsqunut.caption"/>
        <Item59 Value="tformdetails.tsrobbana.caption"/>
        <Item60 Value="tformdetails.tssalavot.caption"/>
        <Item61 Value="tformdetails.tssalom.caption"/>
        <Item62 Value="tformdetails.tssano.caption"/>
        <Item63 Value="tformdetails.tstaavvuz.caption"/>
        <Item64 Value="tformdetails.tstakbir.caption"/>
        <Item65 Value="tformdetails.tstasbehot.caption"/>
        <Item66 Value="tformdetails.tstashahhud.caption"/>
        <Item67 Value="tformdetails.tstasme.caption"/>
        <Item68 Value="tformmain.tsduoa4f.caption"/>
        <Item69 Value="tformmain.tsduof2f.caption"/>
        <Item70 Value="tformmain.tsduoz2s.caption"/>
        <Item71 Value="tformmain.tsduoz4f.caption"/>
        <Item72 Value="tformmain.tsduom2s.caption"/>
        <Item73 Value="tformmain.tsduom3f.caption"/>
        <Item74 Value="tformmain.tsduow3w.caption"/>
        <Item75 Value="tformmain.tsduoi4f.caption"/>
        <Item76 Value="tformmain.tsjalsa1a4f.caption"/>
        <Item77 Value="tformmain.tsjalsa1f2f.caption"/>
        <Item78 Value="tformmain.tsjalsa1f2s.caption"/>
        <Item79 Value="tformmain.tsjalsa1z2s.caption"/>
        <Item80 Value="tformmain.tsjalsa1z4f.caption"/>
        <Item81 Value="tformmain.tsjalsa1z4s.caption"/>
        <Item82 Value="tformmain.tsjalsa1m2s.caption"/>
        <Item83 Value="tformmain.tsjalsa1m3f.caption"/>
        <Item84 Value="tformmain.tsjalsa1w3w.caption"/>
        <Item85 Value="tformmain.tsjalsa1i2s.caption"/>
        <Item86 Value="tformmain.tsjalsa1i4f.caption"/>
        <Item87 Value="tformmain.tsjalsa2a4f.caption"/>
        <Item88 Value="tformmain.tsjalsa2f2f.caption"/>
        <Item89 Value="tformmain.tsjalsa2f2s.caption"/>
        <Item90 Value="tformmain.tsjalsa2z2s.caption"/>
        <Item91 Value="tformmain.tsjalsa2z4f.caption"/>
        <Item92 Value="tformmain.tsjalsa2z4s.caption"/>
        <Item93 Value="tformmain.tsjalsa2m2s.caption"/>
        <Item94 Value="tformmain.tsjalsa2m3f.caption"/>
        <Item95 Value="tformmain.tsjalsa2w3w.caption"/>
        <Item96 Value="tformmain.tsjalsa2i2s.caption"/>
        <Item97 Value="tformmain.tsjalsa2i4f.caption"/>
        <Item98 Value="tformmain.tsjalsa3a4f.caption"/>
        <Item99 Value="tformmain.tsjalsa3z4f.caption"/>
        <Item100 Value="tformmain.tsjalsa3z4s.caption"/>
        <Item101 Value="tformmain.tsjalsa3m3f.caption"/>
        <Item102 Value="tformmain.tsjalsa3w3w.caption"/>
        <Item103 Value="tformmain.tsjalsa3i4f.caption"/>
        <Item104 Value="tformmain.tsjalsa4a4f.caption"/>
        <Item105 Value="tformmain.tsjalsa4z4f.caption"/>
        <Item106 Value="tformmain.tsjalsa4z4s.caption"/>
        <Item107 Value="tformmain.tsjalsa4i4f.caption"/>
        <Item108 Value="tformmain.tskirisha4f.caption"/>
        <Item109 Value="tformmain.tskirishf2f.caption"/>
        <Item110 Value="tformmain.tskirishf2s.caption"/>
        <Item111 Value="tformmain.tskirishz2s.caption"/>
        <Item112 Value="tformmain.tskirishz4f.caption"/>
        <Item113 Value="tformmain.tskirishz4s.caption"/>
        <Item114 Value="tformmain.tskirishm2s.caption"/>
        <Item115 Value="tformmain.tskirishm3f.caption"/>
        <Item116 Value="tformmain.tskirishw3w.caption"/>
        <Item117 Value="tformmain.tskirishi2s.caption"/>
        <Item118 Value="tformmain.tskirishi4f.caption"/>
        <Item119 Value="tformmain.tsqada1a4f.caption"/>
        <Item120 Value="tformmain.tsqada1z4f.caption"/>
        <Item121 Value="tformmain.tsqada1z4s.caption"/>
        <Item122 Value="tformmain.tsqada1m3f.caption"/>
        <Item123 Value="tformmain.tsqada1w3w.caption"/>
        <Item124 Value="tformmain.tsqada1i4f.caption"/>
        <Item125 Value="tformmain.tsqada2a4f.caption"/>
        <Item126 Value="tformmain.tsqada2z4f.caption"/>
        <Item127 Value="tformmain.tsqada2z4s.caption"/>
        <Item128 Value="tformmain.tsqada2m3f.caption"/>
        <Item129 Value="tformmain.tsqada2w3w.caption"/>
        <Item130 Value="tformmain.tsqada2i4f.caption"/>
        <Item131 Value="tformmain.tsqadaf2f.caption"/>
        <Item132 Value="tformmain.tsqadaf2s.caption"/>
        <Item133 Value="tformmain.tsqadaz2s.caption"/>
        <Item134 Value="tformmain.tsqadam2s.caption"/>
        <Item135 Value="tformmain.tsqadai2s.caption"/>
        <Item136 Value="tformmain.tsqiyom1a4f.caption"/>
        <Item137 Value="tformmain.tsqiyom1f2f.caption"/>
        <Item138 Value="tformmain.tsqiyom1f2s.caption"/>
        <Item139 Value="tformmain.tsqiyom1z2s.caption"/>
        <Item140 Value="tformmain.tsqiyom1z4f.caption"/>
        <Item141 Value="tformmain.tsqiyom1z4s.caption"/>
        <Item142 Value="tformmain.tsqiyom1m2s.caption"/>
        <Item143 Value="tformmain.tsqiyom1m3f.caption"/>
        <Item144 Value="tformmain.tsqiyom1w3w.caption"/>
        <Item145 Value="tformmain.tsqiyom1i2s.caption"/>
        <Item146 Value="tformmain.tsqiyom1i4f.caption"/>
        <Item147 Value="tformmain.tsqiyom2a4f.caption"/>
        <Item148 Value="tformmain.tsqiyom2f2f.caption"/>
        <Item149 Value="tformmain.tsqiyom2f2s.caption"/>
        <Item150 Value="tformmain.tsqiyom2z2s.caption"/>
        <Item151 Value="tformmain.tsqiyom2z4f.caption"/>
        <Item152 Value="tformmain.tsqiyom2z4s.caption"/>
        <Item153 Value="tformmain.tsqiyom2m2s.caption"/>
        <Item154 Value="tformmain.tsqiyom2m3f.caption"/>
        <Item155 Value="tformmain.tsqiyom2w3w.caption"/>
        <Item156 Value="tformmain.tsqiyom2i2s.caption"/>
        <Item157 Value="tformmain.tsqiyom2i4f.caption"/>
        <Item158 Value="tformmain.tsqiyom3a4f.caption"/>
        <Item159 Value="tformmain.tsqiyom3z4f.caption"/>
        <Item160 Value="tformmain.tsqiyom3z4s.caption"/>
        <Item161 Value="tformmain.tsqiyom3m3f.caption"/>
        <Item162 Value="tformmain.tsqiyom3w3w.caption"/>
        <Item163 Value="tformmain.tsqiyom3i4f.caption"/>
        <Item164 Value="tformmain.tsqiyom4a4f.caption"/>
        <Item165 Value="tformmain.tsqiyom4z4f.caption"/>
        <Item166 Value="tformmain.tsqiyom4z4s.caption"/>
        <Item167 Value="tformmain.tsqiyom4i4f.caption"/>
        <Item168 Value="tformmain.tsqovma1a4f.caption"/>
        <Item169 Value="tformmain.tsqovma1f2f.caption"/>
        <Item170 Value="tformmain.tsqovma1f2s.caption"/>
        <Item171 Value="tformmain.tsqovma1z2s.caption"/>
        <Item172 Value="tformmain.tsqovma1z4f.caption"/>
        <Item173 Value="tformmain.tsqovma1z4s.caption"/>
        <Item174 Value="tformmain.tsqovma1m2s.caption"/>
        <Item175 Value="tformmain.tsqovma1m3f.caption"/>
        <Item176 Value="tformmain.tsqovma1w3w.caption"/>
        <Item177 Value="tformmain.tsqovma1i2s.caption"/>
        <Item178 Value="tformmain.tsqovma1i4f.caption"/>
        <Item179 Value="tformmain.tsqovma2a4f.caption"/>
        <Item180 Value="tformmain.tsqovma2f2f.caption"/>
        <Item181 Value="tformmain.tsqovma2f2s.caption"/>
        <Item182 Value="tformmain.tsqovma2z2s.caption"/>
        <Item183 Value="tformmain.tsqovma2z4f.caption"/>
        <Item184 Value="tformmain.tsqovma2z4s.caption"/>
        <Item185 Value="tformmain.tsqovma2m2s.caption"/>
        <Item186 Value="tformmain.tsqovma2m3f.caption"/>
        <Item187 Value="tformmain.tsqovma2w3w.caption"/>
        <Item188 Value="tformmain.tsqovma2i2s.caption"/>
        <Item189 Value="tformmain.tsqovma2i4f.caption"/>
        <Item190 Value="tformmain.tsqovma3a4f.caption"/>
        <Item191 Value="tformmain.tsqovma3z4f.caption"/>
        <Item192 Value="tformmain.tsqovma3z4s.caption"/>
        <Item193 Value="tformmain.tsqovma3m3f.caption"/>
        <Item194 Value="tformmain.tsqovma3w3w.caption"/>
        <Item195 Value="tformmain.tsqovma3i4f.caption"/>
        <Item196 Value="tformmain.tsqovma4a4f.caption"/>
        <Item197 Value="tformmain.tsqovma4z4f.caption"/>
        <Item198 Value="tformmain.tsqovma4z4s.caption"/>
        <Item199 Value="tformmain.tsqovma4i4f.caption"/>
        <Item200 Value="tformmain.tsruku1a4f.caption"/>
        <Item201 Value="tformmain.tsruku1f2f.caption"/>
        <Item202 Value="tformmain.tsruku1f2s.caption"/>
        <Item203 Value="tformmain.tsruku1z2s.caption"/>
        <Item204 Value="tformmain.tsruku1z4f.caption"/>
        <Item205 Value="tformmain.tsruku1z4s.caption"/>
        <Item206 Value="tformmain.tsruku1m2s.caption"/>
        <Item207 Value="tformmain.tsruku1m3f.caption"/>
        <Item208 Value="tformmain.tsruku1w3w.caption"/>
        <Item209 Value="tformmain.tsruku1i2s.caption"/>
        <Item210 Value="tformmain.tsruku1i4f.caption"/>
        <Item211 Value="tformmain.tsruku2a4f.caption"/>
        <Item212 Value="tformmain.tsruku2f2f.caption"/>
        <Item213 Value="tformmain.tsruku2f2s.caption"/>
        <Item214 Value="tformmain.tsruku2z2s.caption"/>
        <Item215 Value="tformmain.tsruku2z4f.caption"/>
        <Item216 Value="tformmain.tsruku2z4s.caption"/>
        <Item217 Value="tformmain.tsruku2m2s.caption"/>
        <Item218 Value="tformmain.tsruku2m3f.caption"/>
        <Item219 Value="tformmain.tsruku2w3w.caption"/>
        <Item220 Value="tformmain.tsruku2i2s.caption"/>
        <Item221 Value="tformmain.tsruku2i4f.caption"/>
        <Item222 Value="tformmain.tsruku3a4f.caption"/>
        <Item223 Value="tformmain.tsruku3z4f.caption"/>
        <Item224 Value="tformmain.tsruku3z4s.caption"/>
        <Item225 Value="tformmain.tsruku3m3f.caption"/>
        <Item226 Value="tformmain.tsruku3w3w.caption"/>
        <Item227 Value="tformmain.tsruku3i4f.caption"/>
        <Item228 Value="tformmain.tsruku4a4f.caption"/>
        <Item229 Value="tformmain.tsruku4z4f.caption"/>
        <Item230 Value="tformmain.tsruku4z4s.caption"/>
        <Item231 Value="tformmain.tsruku4i4f.caption"/>
        <Item232 Value="tformmain.tssajda1_1a4f.caption"/>
        <Item233 Value="tformmain.tssajda1_1f2f.caption"/>
        <Item234 Value="tformmain.tssajda1_1f2s.caption"/>
        <Item235 Value="tformmain.tssajda1_1z2s.caption"/>
        <Item236 Value="tformmain.tssajda1_1z4f.caption"/>
        <Item237 Value="tformmain.tssajda1_1z4s.caption"/>
        <Item238 Value="tformmain.tssajda1_1m2s.caption"/>
        <Item239 Value="tformmain.tssajda1_1m3f.caption"/>
        <Item240 Value="tformmain.tssajda1_1w3w.caption"/>
        <Item241 Value="tformmain.tssajda1_1i2s.caption"/>
        <Item242 Value="tformmain.tssajda1_1i4f.caption"/>
        <Item243 Value="tformmain.tssajda1_2a4f.caption"/>
        <Item244 Value="tformmain.tssajda1_2f2f.caption"/>
        <Item245 Value="tformmain.tssajda1_2f2s.caption"/>
        <Item246 Value="tformmain.tssajda1_2z2s.caption"/>
        <Item247 Value="tformmain.tssajda1_2z4f.caption"/>
        <Item248 Value="tformmain.tssajda1_2z4s.caption"/>
        <Item249 Value="tformmain.tssajda1_2m2s.caption"/>
        <Item250 Value="tformmain.tssajda1_2m3f.caption"/>
        <Item251 Value="tformmain.tssajda1_2w3w.caption"/>
        <Item252 Value="tformmain.tssajda1_2i2s.caption"/>
        <Item253 Value="tformmain.tssajda1_2i4f.caption"/>
        <Item254 Value="tformmain.tssajda2_1a4f.caption"/>
        <Item255 Value="tformmain.tssajda2_1f2f.caption"/>
        <Item256 Value="tformmain.tssajda2_1f2s.caption"/>
        <Item257 Value="tformmain.tssajda2_1z2s.caption"/>
        <Item258 Value="tformmain.tssajda2_1z4f.caption"/>
        <Item259 Value="tformmain.tssajda2_1z4s.caption"/>
        <Item260 Value="tformmain.tssajda2_1m2s.caption"/>
        <Item261 Value="tformmain.tssajda2_1m3f.caption"/>
        <Item262 Value="tformmain.tssajda2_1w3w.caption"/>
        <Item263 Value="tformmain.tssajda2_1i2s.caption"/>
        <Item264 Value="tformmain.tssajda2_1i4f.caption"/>
        <Item265 Value="tformmain.tssajda2_2a4f.caption"/>
        <Item266 Value="tformmain.tssajda2_2f2f.caption"/>
        <Item267 Value="tformmain.tssajda2_2f2s.caption"/>
        <Item268 Value="tformmain.tssajda2_2z2s.caption"/>
        <Item269 Value="tformmain.tssajda2_2z4f.caption"/>
        <Item270 Value="tformmain.tssajda2_2z4s.caption"/>
        <Item271 Value="tformmain.tssajda2_2m2s.caption"/>
        <Item272 Value="tformmain.tssajda2_2m3f.caption"/>
        <Item273 Value="tformmain.tssajda2_2w3w.caption"/>
        <Item274 Value="tformmain.tssajda2_2i2s.caption"/>
        <Item275 Value="tformmain.tssajda2_2i4f.caption"/>
        <Item276 Value="tformmain.tssajda3_1a4f.caption"/>
        <Item277 Value="tformmain.tssajda3_1z4f.caption"/>
        <Item278 Value="tformmain.tssajda3_1z4s.caption"/>
        <Item279 Value="tformmain.tssajda3_1m3f.caption"/>
        <Item280 Value="tformmain.tssajda3_1w3w.caption"/>
        <Item281 Value="tformmain.tssajda3_1i4f.caption"/>
        <Item282 Value="tformmain.tssajda3_2a4f.caption"/>
        <Item283 Value="tformmain.tssajda3_2z4f.caption"/>
        <Item284 Value="tformmain.tssajda3_2z4s.caption"/>
        <Item285 Value="tformmain.tssajda3_2m3f.caption"/>
        <Item286 Value="tformmain.tssajda3_2w3w.caption"/>
        <Item287 Value="tformmain.tssajda3_2i4f.caption"/>
        <Item288 Value="tformmain.tssajda4_1a4f.caption"/>
        <Item289 Value="tformmain.tssajda4_1z4f.caption"/>
        <Item290 Value="tformmain.tssajda4_1z4s.caption"/>
        <Item291 Value="tformmain.tssajda4_1i4f.caption"/>
        <Item292 Value="tformmain.tssajda4_2a4f.caption"/>
        <Item293 Value="tformmain.tssajda4_2z4f.caption"/>
        <Item294 Value="tformmain.tssajda4_2z4s.caption"/>
        <Item295 Value="tformmain.tssajda4_2i4f.caption"/>
        <Item296 Value="tformmain.tssaloma4f.caption"/>
        <Item297 Value="tformmain.tssalomf2f.caption"/>
        <Item298 Value="tformmain.tssalomf2s.caption"/>
        <Item299 Value="tformmain.tssalomz2s.caption"/>
        <Item300 Value="tformmain.tssalomz4f.caption"/>
        <Item301 Value="tformmain.tssalomz4s.caption"/>
        <Item302 Value="tformmain.tssalomm2s.caption"/>
        <Item303 Value="tformmain.tssalomm3f.caption"/>
        <Item304 Value="tformmain.tssalomw3w.caption"/>
        <Item305 Value="tformmain.tssalomi2s.caption"/>
        <Item306 Value="tformmain.tssalomi4f.caption"/>
        <Item307 Value="tformsettings.cblanguage.text"/>
      </ExcludedIdentifiers>
    </i18n>
    <VersionInfo>
      <UseVersionInfo Value="True"/>
      <MajorVersionNr Value="4"/>
      <MinorVersionNr Value="2"/>
      <StringTable CompanyName="Umidjon Almasov" InternalName="Abid" ProductName="Abid" ProductVersion="4.2"/>
    </VersionInfo>
    <BuildModes Count="1">
      <Item1 Name="Default" Default="True"/>
    </BuildModes>
    <PublishOptions>
      <Version Value="2"/>
      <UseFileFilters Value="True"/>
    </PublishOptions>
    <RunParams>
      <FormatVersion Value="2"/>
      <Modes Count="0"/>
    </RunParams>
    <RequiredPackages Count="1">
      <Item1>
        <PackageName Value="LCL"/>
      </Item1>
    </RequiredPackages>
    <Units Count="5">
      <Unit0>
        <Filename Value="abid.lpr"/>
        <IsPartOfProject Value="True"/>
      </Unit0>
      <Unit1>
        <Filename Value="main.pas"/>
        <IsPartOfProject Value="True"/>
        <ComponentName Value="FormMain"/>
        <HasResources Value="True"/>
        <ResourceBaseClass Value="Form"/>
        <UnitName Value="Main"/>
      </Unit1>
      <Unit2>
        <Filename Value="details.pas"/>
        <IsPartOfProject Value="True"/>
        <ComponentName Value="FormDetails"/>
        <HasResources Value="True"/>
        <ResourceBaseClass Value="Form"/>
        <UnitName Value="Details"/>
      </Unit2>
      <Unit3>
        <Filename Value="settings.pas"/>
        <IsPartOfProject Value="True"/>
        <ComponentName Value="FormSettings"/>
        <HasResources Value="True"/>
        <ResourceBaseClass Value="Form"/>
        <UnitName Value="Settings"/>
      </Unit3>
      <Unit4>
        <Filename Value="about.pas"/>
        <IsPartOfProject Value="True"/>
        <ComponentName Value="FormAbout"/>
        <HasResources Value="True"/>
        <ResourceBaseClass Value="Form"/>
        <UnitName Value="About"/>
      </Unit4>
    </Units>
  </ProjectOptions>
  <CompilerOptions>
    <Version Value="11"/>
    <Target>
      <Filename Value="abid"/>
    </Target>
    <SearchPaths>
      <IncludeFiles Value="$(ProjOutDir)"/>
      <UnitOutputDirectory Value="lib/$(TargetCPU)-$(TargetOS)"/>
    </SearchPaths>
    <CodeGeneration>
      <SmartLinkUnit Value="True"/>
    </CodeGeneration>
    <Linking>
      <Debugging>
        <GenerateDebugInfo Value="False"/>
        <StripSymbols Value="True"/>
      </Debugging>
      <LinkSmart Value="True"/>
      <Options>
        <Win32>
          <GraphicApplication Value="True"/>
        </Win32>
      </Options>
    </Linking>
  </CompilerOptions>
  <Debugging>
    <Exceptions Count="3">
      <Item1>
        <Name Value="EAbort"/>
      </Item1>
      <Item2>
        <Name Value="ECodetoolError"/>
      </Item2>
      <Item3>
        <Name Value="EFOpenError"/>
      </Item3>
    </Exceptions>
  </Debugging>
</CONFIG>
