<?xml version="1.0" encoding="UTF-8"?>
<CONFIG>
  <ProjectOptions>
    <Version Value="11"/>
    <General>
      <SessionStorage Value="InProjectDir"/>
      <MainUnit Value="0"/>
      <Scaled Value="True"/>
      <ResourceType Value="res"/>
      <UseXPManifest Value="True"/>
      <XPManifest>
        <DpiAware Value="True"/>
      </XPManifest>
      <Icon Value="0"/>
    </General>
    <i18n>
      <EnableI18N Value="True"/>
      <OutDir Value="locale"/>
      <ExcludedIdentifiers Count="297">
        <Item1 Value="tformabout.labelweb.caption"/>
        <Item2 Value="tformabout.panelazankz.caption"/>
        <Item3 Value="tformabout.panelislomuz.caption"/>
        <Item4 Value="tformdetails.labelalaar.caption"/>
        <Item5 Value="tformdetails.labelalhamdulillahar.caption"/>
        <Item6 Value="tformdetails.labelallohuakbarar.caption"/>
        <Item7 Value="tformdetails.labelaziymar.caption"/>
        <Item8 Value="tformdetails.labelazonar.caption"/>
        <Item9 Value="tformdetails.labelazonbomdodar.caption"/>
        <Item10 Value="tformdetails.labelazonduoar.caption"/>
        <Item11 Value="tformdetails.labelbasmalaar.caption"/>
        <Item12 Value="tformdetails.labelduoar.caption"/>
        <Item13 Value="tformdetails.labelduofar.caption"/>
        <Item14 Value="tformdetails.labelfalaqar.caption"/>
        <Item15 Value="tformdetails.labelfotihaar.caption"/>
        <Item16 Value="tformdetails.labelhamdar.caption"/>
        <Item17 Value="tformdetails.labeliqomatar.caption"/>
        <Item18 Value="tformdetails.labelixlosar.caption"/>
        <Item19 Value="tformdetails.labelkavsarar.caption"/>
        <Item20 Value="tformdetails.labelkursiar.caption"/>
        <Item21 Value="tformdetails.labelnasar.caption"/>
        <Item22 Value="tformdetails.labelqunutar.caption"/>
        <Item23 Value="tformdetails.labelrobbanaar.caption"/>
        <Item24 Value="tformdetails.labelsalavotar.caption"/>
        <Item25 Value="tformdetails.labelsalomar.caption"/>
        <Item26 Value="tformdetails.labelsanoar.caption"/>
        <Item27 Value="tformdetails.labelsubhanallohar.caption"/>
        <Item28 Value="tformdetails.labeltaavvuzar.caption"/>
        <Item29 Value="tformdetails.labeltakbirar.caption"/>
        <Item30 Value="tformdetails.labeltashahhudar.caption"/>
        <Item31 Value="tformdetails.labeltasmear.caption"/>
        <Item32 Value="tformdetails.labeltavhidar.caption"/>
        <Item33 Value="tformdetails.tabsheetala.caption"/>
        <Item34 Value="tformdetails.tabsheetaziym.caption"/>
        <Item35 Value="tformdetails.tabsheetazon.caption"/>
        <Item36 Value="tformdetails.tabsheetazonbomdod.caption"/>
        <Item37 Value="tformdetails.tabsheetazonduo.caption"/>
        <Item38 Value="tformdetails.tabsheetbasmala.caption"/>
        <Item39 Value="tformdetails.tabsheetduo.caption"/>
        <Item40 Value="tformdetails.tabsheetduof.caption"/>
        <Item41 Value="tformdetails.tabsheetfalaq.caption"/>
        <Item42 Value="tformdetails.tabsheetfotiha.caption"/>
        <Item43 Value="tformdetails.tabsheethamd.caption"/>
        <Item44 Value="tformdetails.tabsheetiqomat.caption"/>
        <Item45 Value="tformdetails.tabsheetixlos.caption"/>
        <Item46 Value="tformdetails.tabsheetkavsar.caption"/>
        <Item47 Value="tformdetails.tabsheetkursi.caption"/>
        <Item48 Value="tformdetails.tabsheetnas.caption"/>
        <Item49 Value="tformdetails.tabsheetqunut.caption"/>
        <Item50 Value="tformdetails.tabsheetrobbana.caption"/>
        <Item51 Value="tformdetails.tabsheetsalavot.caption"/>
        <Item52 Value="tformdetails.tabsheetsalom.caption"/>
        <Item53 Value="tformdetails.tabsheetsano.caption"/>
        <Item54 Value="tformdetails.tabsheettaavvuz.caption"/>
        <Item55 Value="tformdetails.tabsheettakbir.caption"/>
        <Item56 Value="tformdetails.tabsheettasbehot.caption"/>
        <Item57 Value="tformdetails.tabsheettashahhud.caption"/>
        <Item58 Value="tformdetails.tabsheettasme.caption"/>
        <Item59 Value="tformmain.tabsheetduoa4f.caption"/>
        <Item60 Value="tformmain.tabsheetduob2f.caption"/>
        <Item61 Value="tformmain.tabsheetduop2s.caption"/>
        <Item62 Value="tformmain.tabsheetduop4f.caption"/>
        <Item63 Value="tformmain.tabsheetduosh2s.caption"/>
        <Item64 Value="tformmain.tabsheetduosh3f.caption"/>
        <Item65 Value="tformmain.tabsheetduov3v.caption"/>
        <Item66 Value="tformmain.tabsheetduox4f.caption"/>
        <Item67 Value="tformmain.tabsheetjalsa1a4f.caption"/>
        <Item68 Value="tformmain.tabsheetjalsa1b2f.caption"/>
        <Item69 Value="tformmain.tabsheetjalsa1b2s.caption"/>
        <Item70 Value="tformmain.tabsheetjalsa1p2s.caption"/>
        <Item71 Value="tformmain.tabsheetjalsa1p4f.caption"/>
        <Item72 Value="tformmain.tabsheetjalsa1p4s.caption"/>
        <Item73 Value="tformmain.tabsheetjalsa1sh2s.caption"/>
        <Item74 Value="tformmain.tabsheetjalsa1sh3f.caption"/>
        <Item75 Value="tformmain.tabsheetjalsa1v3v.caption"/>
        <Item76 Value="tformmain.tabsheetjalsa1x2s.caption"/>
        <Item77 Value="tformmain.tabsheetjalsa1x4f.caption"/>
        <Item78 Value="tformmain.tabsheetjalsa2a4f.caption"/>
        <Item79 Value="tformmain.tabsheetjalsa2b2f.caption"/>
        <Item80 Value="tformmain.tabsheetjalsa2b2s.caption"/>
        <Item81 Value="tformmain.tabsheetjalsa2p2s.caption"/>
        <Item82 Value="tformmain.tabsheetjalsa2p4f.caption"/>
        <Item83 Value="tformmain.tabsheetjalsa2p4s.caption"/>
        <Item84 Value="tformmain.tabsheetjalsa2sh2s.caption"/>
        <Item85 Value="tformmain.tabsheetjalsa2sh3f.caption"/>
        <Item86 Value="tformmain.tabsheetjalsa2v3v.caption"/>
        <Item87 Value="tformmain.tabsheetjalsa2x2s.caption"/>
        <Item88 Value="tformmain.tabsheetjalsa2x4f.caption"/>
        <Item89 Value="tformmain.tabsheetjalsa3a4f.caption"/>
        <Item90 Value="tformmain.tabsheetjalsa3p4f.caption"/>
        <Item91 Value="tformmain.tabsheetjalsa3p4s.caption"/>
        <Item92 Value="tformmain.tabsheetjalsa3sh3f.caption"/>
        <Item93 Value="tformmain.tabsheetjalsa3v3v.caption"/>
        <Item94 Value="tformmain.tabsheetjalsa3x4f.caption"/>
        <Item95 Value="tformmain.tabsheetjalsa4a4f.caption"/>
        <Item96 Value="tformmain.tabsheetjalsa4p4f.caption"/>
        <Item97 Value="tformmain.tabsheetjalsa4p4s.caption"/>
        <Item98 Value="tformmain.tabsheetjalsa4x4f.caption"/>
        <Item99 Value="tformmain.tabsheetkirisha4f.caption"/>
        <Item100 Value="tformmain.tabsheetkirishb2f.caption"/>
        <Item101 Value="tformmain.tabsheetkirishb2s.caption"/>
        <Item102 Value="tformmain.tabsheetkirishp2s.caption"/>
        <Item103 Value="tformmain.tabsheetkirishp4f.caption"/>
        <Item104 Value="tformmain.tabsheetkirishp4s.caption"/>
        <Item105 Value="tformmain.tabsheetkirishsh2s.caption"/>
        <Item106 Value="tformmain.tabsheetkirishsh3f.caption"/>
        <Item107 Value="tformmain.tabsheetkirishv3v.caption"/>
        <Item108 Value="tformmain.tabsheetkirishx2s.caption"/>
        <Item109 Value="tformmain.tabsheetkirishx4f.caption"/>
        <Item110 Value="tformmain.tabsheetqada1a4f.caption"/>
        <Item111 Value="tformmain.tabsheetqada1p4f.caption"/>
        <Item112 Value="tformmain.tabsheetqada1p4s.caption"/>
        <Item113 Value="tformmain.tabsheetqada1sh3f.caption"/>
        <Item114 Value="tformmain.tabsheetqada1v3v.caption"/>
        <Item115 Value="tformmain.tabsheetqada1x4f.caption"/>
        <Item116 Value="tformmain.tabsheetqada2a4f.caption"/>
        <Item117 Value="tformmain.tabsheetqada2p4f.caption"/>
        <Item118 Value="tformmain.tabsheetqada2p4s.caption"/>
        <Item119 Value="tformmain.tabsheetqada2sh3f.caption"/>
        <Item120 Value="tformmain.tabsheetqada2v3v.caption"/>
        <Item121 Value="tformmain.tabsheetqada2x4f.caption"/>
        <Item122 Value="tformmain.tabsheetqadab2f.caption"/>
        <Item123 Value="tformmain.tabsheetqadab2s.caption"/>
        <Item124 Value="tformmain.tabsheetqadap2s.caption"/>
        <Item125 Value="tformmain.tabsheetqadash2s.caption"/>
        <Item126 Value="tformmain.tabsheetqadax2s.caption"/>
        <Item127 Value="tformmain.tabsheetqiyom1a4f.caption"/>
        <Item128 Value="tformmain.tabsheetqiyom1b2f.caption"/>
        <Item129 Value="tformmain.tabsheetqiyom1b2s.caption"/>
        <Item130 Value="tformmain.tabsheetqiyom1p2s.caption"/>
        <Item131 Value="tformmain.tabsheetqiyom1p4f.caption"/>
        <Item132 Value="tformmain.tabsheetqiyom1p4s.caption"/>
        <Item133 Value="tformmain.tabsheetqiyom1sh2s.caption"/>
        <Item134 Value="tformmain.tabsheetqiyom1sh3f.caption"/>
        <Item135 Value="tformmain.tabsheetqiyom1v3v.caption"/>
        <Item136 Value="tformmain.tabsheetqiyom1x2s.caption"/>
        <Item137 Value="tformmain.tabsheetqiyom1x4f.caption"/>
        <Item138 Value="tformmain.tabsheetqiyom2a4f.caption"/>
        <Item139 Value="tformmain.tabsheetqiyom2b2f.caption"/>
        <Item140 Value="tformmain.tabsheetqiyom2b2s.caption"/>
        <Item141 Value="tformmain.tabsheetqiyom2p2s.caption"/>
        <Item142 Value="tformmain.tabsheetqiyom2p4f.caption"/>
        <Item143 Value="tformmain.tabsheetqiyom2p4s.caption"/>
        <Item144 Value="tformmain.tabsheetqiyom2sh2s.caption"/>
        <Item145 Value="tformmain.tabsheetqiyom2sh3f.caption"/>
        <Item146 Value="tformmain.tabsheetqiyom2v3v.caption"/>
        <Item147 Value="tformmain.tabsheetqiyom2x2s.caption"/>
        <Item148 Value="tformmain.tabsheetqiyom2x4f.caption"/>
        <Item149 Value="tformmain.tabsheetqiyom3a4f.caption"/>
        <Item150 Value="tformmain.tabsheetqiyom3p4f.caption"/>
        <Item151 Value="tformmain.tabsheetqiyom3p4s.caption"/>
        <Item152 Value="tformmain.tabsheetqiyom3sh3f.caption"/>
        <Item153 Value="tformmain.tabsheetqiyom3v3v.caption"/>
        <Item154 Value="tformmain.tabsheetqiyom3x4f.caption"/>
        <Item155 Value="tformmain.tabsheetqiyom4a4f.caption"/>
        <Item156 Value="tformmain.tabsheetqiyom4p4f.caption"/>
        <Item157 Value="tformmain.tabsheetqiyom4p4s.caption"/>
        <Item158 Value="tformmain.tabsheetqiyom4x4f.caption"/>
        <Item159 Value="tformmain.tabsheetqovma1a4f.caption"/>
        <Item160 Value="tformmain.tabsheetqovma1b2f.caption"/>
        <Item161 Value="tformmain.tabsheetqovma1b2s.caption"/>
        <Item162 Value="tformmain.tabsheetqovma1p2s.caption"/>
        <Item163 Value="tformmain.tabsheetqovma1p4f.caption"/>
        <Item164 Value="tformmain.tabsheetqovma1p4s.caption"/>
        <Item165 Value="tformmain.tabsheetqovma1sh2s.caption"/>
        <Item166 Value="tformmain.tabsheetqovma1sh3f.caption"/>
        <Item167 Value="tformmain.tabsheetqovma1v3v.caption"/>
        <Item168 Value="tformmain.tabsheetqovma1x2s.caption"/>
        <Item169 Value="tformmain.tabsheetqovma1x4f.caption"/>
        <Item170 Value="tformmain.tabsheetqovma2a4f.caption"/>
        <Item171 Value="tformmain.tabsheetqovma2b2f.caption"/>
        <Item172 Value="tformmain.tabsheetqovma2b2s.caption"/>
        <Item173 Value="tformmain.tabsheetqovma2p2s.caption"/>
        <Item174 Value="tformmain.tabsheetqovma2p4f.caption"/>
        <Item175 Value="tformmain.tabsheetqovma2p4s.caption"/>
        <Item176 Value="tformmain.tabsheetqovma2sh2s.caption"/>
        <Item177 Value="tformmain.tabsheetqovma2sh3f.caption"/>
        <Item178 Value="tformmain.tabsheetqovma2v3v.caption"/>
        <Item179 Value="tformmain.tabsheetqovma2x2s.caption"/>
        <Item180 Value="tformmain.tabsheetqovma2x4f.caption"/>
        <Item181 Value="tformmain.tabsheetqovma3a4f.caption"/>
        <Item182 Value="tformmain.tabsheetqovma3p4f.caption"/>
        <Item183 Value="tformmain.tabsheetqovma3p4s.caption"/>
        <Item184 Value="tformmain.tabsheetqovma3sh3f.caption"/>
        <Item185 Value="tformmain.tabsheetqovma3v3v.caption"/>
        <Item186 Value="tformmain.tabsheetqovma3x4f.caption"/>
        <Item187 Value="tformmain.tabsheetqovma4a4f.caption"/>
        <Item188 Value="tformmain.tabsheetqovma4p4f.caption"/>
        <Item189 Value="tformmain.tabsheetqovma4p4s.caption"/>
        <Item190 Value="tformmain.tabsheetqovma4x4f.caption"/>
        <Item191 Value="tformmain.tabsheetruku1a4f.caption"/>
        <Item192 Value="tformmain.tabsheetruku1b2f.caption"/>
        <Item193 Value="tformmain.tabsheetruku1b2s.caption"/>
        <Item194 Value="tformmain.tabsheetruku1p2s.caption"/>
        <Item195 Value="tformmain.tabsheetruku1p4f.caption"/>
        <Item196 Value="tformmain.tabsheetruku1p4s.caption"/>
        <Item197 Value="tformmain.tabsheetruku1sh2s.caption"/>
        <Item198 Value="tformmain.tabsheetruku1sh3f.caption"/>
        <Item199 Value="tformmain.tabsheetruku1v3v.caption"/>
        <Item200 Value="tformmain.tabsheetruku1x2s.caption"/>
        <Item201 Value="tformmain.tabsheetruku1x4f.caption"/>
        <Item202 Value="tformmain.tabsheetruku2a4f.caption"/>
        <Item203 Value="tformmain.tabsheetruku2b2f.caption"/>
        <Item204 Value="tformmain.tabsheetruku2b2s.caption"/>
        <Item205 Value="tformmain.tabsheetruku2p2s.caption"/>
        <Item206 Value="tformmain.tabsheetruku2p4f.caption"/>
        <Item207 Value="tformmain.tabsheetruku2p4s.caption"/>
        <Item208 Value="tformmain.tabsheetruku2sh2s.caption"/>
        <Item209 Value="tformmain.tabsheetruku2sh3f.caption"/>
        <Item210 Value="tformmain.tabsheetruku2v3v.caption"/>
        <Item211 Value="tformmain.tabsheetruku2x2s.caption"/>
        <Item212 Value="tformmain.tabsheetruku2x4f.caption"/>
        <Item213 Value="tformmain.tabsheetruku3a4f.caption"/>
        <Item214 Value="tformmain.tabsheetruku3p4f.caption"/>
        <Item215 Value="tformmain.tabsheetruku3p4s.caption"/>
        <Item216 Value="tformmain.tabsheetruku3sh3f.caption"/>
        <Item217 Value="tformmain.tabsheetruku3v3v.caption"/>
        <Item218 Value="tformmain.tabsheetruku3x4f.caption"/>
        <Item219 Value="tformmain.tabsheetruku4a4f.caption"/>
        <Item220 Value="tformmain.tabsheetruku4p4f.caption"/>
        <Item221 Value="tformmain.tabsheetruku4p4s.caption"/>
        <Item222 Value="tformmain.tabsheetruku4x4f.caption"/>
        <Item223 Value="tformmain.tabsheetsajda1_1a4f.caption"/>
        <Item224 Value="tformmain.tabsheetsajda1_1b2f.caption"/>
        <Item225 Value="tformmain.tabsheetsajda1_1b2s.caption"/>
        <Item226 Value="tformmain.tabsheetsajda1_1p2s.caption"/>
        <Item227 Value="tformmain.tabsheetsajda1_1p4f.caption"/>
        <Item228 Value="tformmain.tabsheetsajda1_1p4s.caption"/>
        <Item229 Value="tformmain.tabsheetsajda1_1sh2s.caption"/>
        <Item230 Value="tformmain.tabsheetsajda1_1sh3f.caption"/>
        <Item231 Value="tformmain.tabsheetsajda1_1v3v.caption"/>
        <Item232 Value="tformmain.tabsheetsajda1_1x2s.caption"/>
        <Item233 Value="tformmain.tabsheetsajda1_1x4f.caption"/>
        <Item234 Value="tformmain.tabsheetsajda1_2a4f.caption"/>
        <Item235 Value="tformmain.tabsheetsajda1_2b2f.caption"/>
        <Item236 Value="tformmain.tabsheetsajda1_2b2s.caption"/>
        <Item237 Value="tformmain.tabsheetsajda1_2p2s.caption"/>
        <Item238 Value="tformmain.tabsheetsajda1_2p4f.caption"/>
        <Item239 Value="tformmain.tabsheetsajda1_2p4s.caption"/>
        <Item240 Value="tformmain.tabsheetsajda1_2sh2s.caption"/>
        <Item241 Value="tformmain.tabsheetsajda1_2sh3f.caption"/>
        <Item242 Value="tformmain.tabsheetsajda1_2v3v.caption"/>
        <Item243 Value="tformmain.tabsheetsajda1_2x2s.caption"/>
        <Item244 Value="tformmain.tabsheetsajda1_2x4f.caption"/>
        <Item245 Value="tformmain.tabsheetsajda2_1a4f.caption"/>
        <Item246 Value="tformmain.tabsheetsajda2_1b2f.caption"/>
        <Item247 Value="tformmain.tabsheetsajda2_1b2s.caption"/>
        <Item248 Value="tformmain.tabsheetsajda2_1p2s.caption"/>
        <Item249 Value="tformmain.tabsheetsajda2_1p4f.caption"/>
        <Item250 Value="tformmain.tabsheetsajda2_1p4s.caption"/>
        <Item251 Value="tformmain.tabsheetsajda2_1sh2s.caption"/>
        <Item252 Value="tformmain.tabsheetsajda2_1sh3f.caption"/>
        <Item253 Value="tformmain.tabsheetsajda2_1v3v.caption"/>
        <Item254 Value="tformmain.tabsheetsajda2_1x2s.caption"/>
        <Item255 Value="tformmain.tabsheetsajda2_1x4f.caption"/>
        <Item256 Value="tformmain.tabsheetsajda2_2a4f.caption"/>
        <Item257 Value="tformmain.tabsheetsajda2_2b2f.caption"/>
        <Item258 Value="tformmain.tabsheetsajda2_2b2s.caption"/>
        <Item259 Value="tformmain.tabsheetsajda2_2p2s.caption"/>
        <Item260 Value="tformmain.tabsheetsajda2_2p4f.caption"/>
        <Item261 Value="tformmain.tabsheetsajda2_2p4s.caption"/>
        <Item262 Value="tformmain.tabsheetsajda2_2sh2s.caption"/>
        <Item263 Value="tformmain.tabsheetsajda2_2sh3f.caption"/>
        <Item264 Value="tformmain.tabsheetsajda2_2v3v.caption"/>
        <Item265 Value="tformmain.tabsheetsajda2_2x2s.caption"/>
        <Item266 Value="tformmain.tabsheetsajda2_2x4f.caption"/>
        <Item267 Value="tformmain.tabsheetsajda3_1a4f.caption"/>
        <Item268 Value="tformmain.tabsheetsajda3_1p4f.caption"/>
        <Item269 Value="tformmain.tabsheetsajda3_1p4s.caption"/>
        <Item270 Value="tformmain.tabsheetsajda3_1sh3f.caption"/>
        <Item271 Value="tformmain.tabsheetsajda3_1v3v.caption"/>
        <Item272 Value="tformmain.tabsheetsajda3_1x4f.caption"/>
        <Item273 Value="tformmain.tabsheetsajda3_2a4f.caption"/>
        <Item274 Value="tformmain.tabsheetsajda3_2p4f.caption"/>
        <Item275 Value="tformmain.tabsheetsajda3_2p4s.caption"/>
        <Item276 Value="tformmain.tabsheetsajda3_2sh3f.caption"/>
        <Item277 Value="tformmain.tabsheetsajda3_2v3v.caption"/>
        <Item278 Value="tformmain.tabsheetsajda3_2x4f.caption"/>
        <Item279 Value="tformmain.tabsheetsajda4_1a4f.caption"/>
        <Item280 Value="tformmain.tabsheetsajda4_1p4f.caption"/>
        <Item281 Value="tformmain.tabsheetsajda4_1p4s.caption"/>
        <Item282 Value="tformmain.tabsheetsajda4_1x4f.caption"/>
        <Item283 Value="tformmain.tabsheetsajda4_2a4f.caption"/>
        <Item284 Value="tformmain.tabsheetsajda4_2p4f.caption"/>
        <Item285 Value="tformmain.tabsheetsajda4_2p4s.caption"/>
        <Item286 Value="tformmain.tabsheetsajda4_2x4f.caption"/>
        <Item287 Value="tformmain.tabsheetsaloma4f.caption"/>
        <Item288 Value="tformmain.tabsheetsalomb2f.caption"/>
        <Item289 Value="tformmain.tabsheetsalomb2s.caption"/>
        <Item290 Value="tformmain.tabsheetsalomp2s.caption"/>
        <Item291 Value="tformmain.tabsheetsalomp4f.caption"/>
        <Item292 Value="tformmain.tabsheetsalomp4s.caption"/>
        <Item293 Value="tformmain.tabsheetsalomsh2s.caption"/>
        <Item294 Value="tformmain.tabsheetsalomsh3f.caption"/>
        <Item295 Value="tformmain.tabsheetsalomv3v.caption"/>
        <Item296 Value="tformmain.tabsheetsalomx2s.caption"/>
        <Item297 Value="tformmain.tabsheetsalomx4f.caption"/>
      </ExcludedIdentifiers>
    </i18n>
    <VersionInfo>
      <UseVersionInfo Value="True"/>
      <MajorVersionNr Value="4"/>
    </VersionInfo>
    <BuildModes Count="1">
      <Item1 Name="Default" Default="True"/>
    </BuildModes>
    <PublishOptions>
      <Version Value="2"/>
      <UseFileFilters Value="True"/>
    </PublishOptions>
    <RunParams>
      <FormatVersion Value="2"/>
      <Modes Count="0"/>
    </RunParams>
    <RequiredPackages Count="1">
      <Item1>
        <PackageName Value="LCL"/>
      </Item1>
    </RequiredPackages>
    <Units Count="5">
      <Unit0>
        <Filename Value="abid.lpr"/>
        <IsPartOfProject Value="True"/>
      </Unit0>
      <Unit1>
        <Filename Value="main.pas"/>
        <IsPartOfProject Value="True"/>
        <ComponentName Value="FormMain"/>
        <HasResources Value="True"/>
        <ResourceBaseClass Value="Form"/>
        <UnitName Value="Main"/>
      </Unit1>
      <Unit2>
        <Filename Value="details.pas"/>
        <IsPartOfProject Value="True"/>
        <ComponentName Value="FormDetails"/>
        <HasResources Value="True"/>
        <ResourceBaseClass Value="Form"/>
        <UnitName Value="Details"/>
      </Unit2>
      <Unit3>
        <Filename Value="settings.pas"/>
        <IsPartOfProject Value="True"/>
        <ComponentName Value="FormSettings"/>
        <HasResources Value="True"/>
        <ResourceBaseClass Value="Form"/>
        <UnitName Value="Settings"/>
      </Unit3>
      <Unit4>
        <Filename Value="about.pas"/>
        <IsPartOfProject Value="True"/>
        <ComponentName Value="FormAbout"/>
        <HasResources Value="True"/>
        <ResourceBaseClass Value="Form"/>
        <UnitName Value="About"/>
      </Unit4>
    </Units>
  </ProjectOptions>
  <CompilerOptions>
    <Version Value="11"/>
    <Target>
      <Filename Value="abid"/>
    </Target>
    <SearchPaths>
      <IncludeFiles Value="$(ProjOutDir)"/>
      <UnitOutputDirectory Value="lib/$(TargetCPU)-$(TargetOS)"/>
    </SearchPaths>
    <CodeGeneration>
      <SmartLinkUnit Value="True"/>
    </CodeGeneration>
    <Linking>
      <Debugging>
        <GenerateDebugInfo Value="False"/>
        <StripSymbols Value="True"/>
      </Debugging>
      <LinkSmart Value="True"/>
      <Options>
        <Win32>
          <GraphicApplication Value="True"/>
        </Win32>
      </Options>
    </Linking>
  </CompilerOptions>
  <Debugging>
    <Exceptions Count="3">
      <Item1>
        <Name Value="EAbort"/>
      </Item1>
      <Item2>
        <Name Value="ECodetoolError"/>
      </Item2>
      <Item3>
        <Name Value="EFOpenError"/>
      </Item3>
    </Exceptions>
  </Debugging>
</CONFIG>
